
Microsoft Visual Studio Solution File, Format Version 12.00
# Visual Studio Version 17
VisualStudioVersion = 17.14.36109.1 d17.14
MinimumVisualStudioVersion = 10.0.40219.1
Project("{FAE04EC0-301F-11D3-BF4B-00C04F79EFBC}") = "OopAlapok", "OopAlapok\OopAlapok.csproj", "{684F2B99-2708-43AB-B653-763755385802}"
EndProject
Global
	GlobalSection(SolutionConfigurationPlatforms) = preSolution
		Debug|Any CPU = Debug|Any CPU
		Release|Any CPU = Release|Any CPU
	EndGlobalSection
	GlobalSection(ProjectConfigurationPlatforms) = postSolution
		{684F2B99-2708-43AB-B653-763755385802}.Debug|Any CPU.ActiveCfg = Debug|Any CPU
		{684F2B99-2708-43AB-B653-763755385802}.Debug|Any CPU.Build.0 = Debug|Any CPU
		{684F2B99-2708-43AB-B653-763755385802}.Release|Any CPU.ActiveCfg = Release|Any CPU
		{684F2B99-2708-43AB-B653-763755385802}.Release|Any CPU.Build.0 = Release|Any CPU
	EndGlobalSection
	GlobalSection(SolutionProperties) = preSolution
		HideSolutionNode = FALSE
	EndGlobalSection
	GlobalSection(ExtensibilityGlobals) = postSolution
		SolutionGuid = {0DBB00ED-4E41-4909-B4AE-E28ED7FBEA83}
	EndGlobalSection
EndGlobal
